
Microsoft Visual Studio Solution File, Format Version 12.00
# Visual Studio 14
VisualStudioVersion = 14.0.25420.1
MinimumVisualStudioVersion = 10.0.40219.1
Project("{FAE04EC0-301F-11D3-BF4B-00C04F79EFBC}") = "UdemyWebApiExp2_1", "UdemyWebApiExp2_1\UdemyWebApiExp2_1.csproj", "{E573CE0C-86C3-4440-B64F-E18830FA6FE0}"
EndProject
Project("{FAE04EC0-301F-11D3-BF4B-00C04F79EFBC}") = "CRUDOperationWithDbFist", "CRUDOperationWithDbFist\CRUDOperationWithDbFist.csproj", "{52D16644-C60C-4F60-869F-2415B46D2B86}"
EndProject
Project("{FAE04EC0-301F-11D3-BF4B-00C04F79EFBC}") = "JqueryGetPostWithWebApi", "JqueryGetPostWithWebApi\JqueryGetPostWithWebApi.csproj", "{4B021E59-CCA8-4308-8066-44AD13464000}"
EndProject
Project("{FAE04EC0-301F-11D3-BF4B-00C04F79EFBC}") = "ModelValidation", "ModelValidation\ModelValidation.csproj", "{F133C49C-C1FA-49E0-AEF5-49D62B8E7455}"
EndProject
Global
	GlobalSection(SolutionConfigurationPlatforms) = preSolution
		Debug|Any CPU = Debug|Any CPU
		Release|Any CPU = Release|Any CPU
	EndGlobalSection
	GlobalSection(ProjectConfigurationPlatforms) = postSolution
		{E573CE0C-86C3-4440-B64F-E18830FA6FE0}.Debug|Any CPU.ActiveCfg = Debug|Any CPU
		{E573CE0C-86C3-4440-B64F-E18830FA6FE0}.Debug|Any CPU.Build.0 = Debug|Any CPU
		{E573CE0C-86C3-4440-B64F-E18830FA6FE0}.Release|Any CPU.ActiveCfg = Release|Any CPU
		{E573CE0C-86C3-4440-B64F-E18830FA6FE0}.Release|Any CPU.Build.0 = Release|Any CPU
		{52D16644-C60C-4F60-869F-2415B46D2B86}.Debug|Any CPU.ActiveCfg = Debug|Any CPU
		{52D16644-C60C-4F60-869F-2415B46D2B86}.Debug|Any CPU.Build.0 = Debug|Any CPU
		{52D16644-C60C-4F60-869F-2415B46D2B86}.Release|Any CPU.ActiveCfg = Release|Any CPU
		{52D16644-C60C-4F60-869F-2415B46D2B86}.Release|Any CPU.Build.0 = Release|Any CPU
		{4B021E59-CCA8-4308-8066-44AD13464000}.Debug|Any CPU.ActiveCfg = Debug|Any CPU
		{4B021E59-CCA8-4308-8066-44AD13464000}.Debug|Any CPU.Build.0 = Debug|Any CPU
		{4B021E59-CCA8-4308-8066-44AD13464000}.Release|Any CPU.ActiveCfg = Release|Any CPU
		{4B021E59-CCA8-4308-8066-44AD13464000}.Release|Any CPU.Build.0 = Release|Any CPU
		{F133C49C-C1FA-49E0-AEF5-49D62B8E7455}.Debug|Any CPU.ActiveCfg = Debug|Any CPU
		{F133C49C-C1FA-49E0-AEF5-49D62B8E7455}.Debug|Any CPU.Build.0 = Debug|Any CPU
		{F133C49C-C1FA-49E0-AEF5-49D62B8E7455}.Release|Any CPU.ActiveCfg = Release|Any CPU
		{F133C49C-C1FA-49E0-AEF5-49D62B8E7455}.Release|Any CPU.Build.0 = Release|Any CPU
	EndGlobalSection
	GlobalSection(SolutionProperties) = preSolution
		HideSolutionNode = FALSE
	EndGlobalSection
EndGlobal
